// !$*UTF8*$!
{
	archiveVersion = 1;
	classes = {
	};
	objectVersion = 50;
	objects = {

/* Begin PBXBuildFile section */
		8D33BEFA25F0570900A012C6 /* AppDelegate.swift in Sources */ = {isa = PBXBuildFile; fileRef = 8D33BEF925F0570900A012C6 /* AppDelegate.swift */; };
		8D33BEFC25F0570900A012C6 /* SceneDelegate.swift in Sources */ = {isa = PBXBuildFile; fileRef = 8D33BEFB25F0570900A012C6 /* SceneDelegate.swift */; };
		8D33BF0325F0570A00A012C6 /* Assets.xcassets in Resources */ = {isa = PBXBuildFile; fileRef = 8D33BF0225F0570A00A012C6 /* Assets.xcassets */; };
		8D33BF0625F0570A00A012C6 /* LaunchScreen.storyboard in Resources */ = {isa = PBXBuildFile; fileRef = 8D33BF0425F0570A00A012C6 /* LaunchScreen.storyboard */; };
		8D33BF1225F05E3D00A012C6 /* SearchVC.swift in Sources */ = {isa = PBXBuildFile; fileRef = 8D33BF1125F05E3D00A012C6 /* SearchVC.swift */; };
		8D33BF1525F05E6200A012C6 /* FavoritesListVC.swift in Sources */ = {isa = PBXBuildFile; fileRef = 8D33BF1425F05E6200A012C6 /* FavoritesListVC.swift */; };
		8D33BF1925F0672800A012C6 /* GFButton.swift in Sources */ = {isa = PBXBuildFile; fileRef = 8D33BF1825F0672800A012C6 /* GFButton.swift */; };
		8D33BF1C25F06A3500A012C6 /* GFTextField.swift in Sources */ = {isa = PBXBuildFile; fileRef = 8D33BF1B25F06A3500A012C6 /* GFTextField.swift */; };
		8D3E3C6825F4150A0006F35D /* Follower.swift in Sources */ = {isa = PBXBuildFile; fileRef = 8D3E3C6725F4150A0006F35D /* Follower.swift */; };
		8D3E3C6B25F416170006F35D /* User.swift in Sources */ = {isa = PBXBuildFile; fileRef = 8D3E3C6A25F416170006F35D /* User.swift */; };
		8D3E3C7125F420700006F35D /* NetworkManager.swift in Sources */ = {isa = PBXBuildFile; fileRef = 8D3E3C7025F420700006F35D /* NetworkManager.swift */; };
		8D3EDD8525F5ACA100CB95F3 /* UIHelper.swift in Sources */ = {isa = PBXBuildFile; fileRef = 8D3EDD8425F5ACA100CB95F3 /* UIHelper.swift */; };
		8D53092525F53C7800A8CFAB /* FollowerCell.swift in Sources */ = {isa = PBXBuildFile; fileRef = 8D53092425F53C7800A8CFAB /* FollowerCell.swift */; };
		8D53092825F547F200A8CFAB /* GFAvatarImageView.swift in Sources */ = {isa = PBXBuildFile; fileRef = 8D53092725F547F200A8CFAB /* GFAvatarImageView.swift */; };
		8DBA062325FADA4C005E686D /* GFItemInfoView.swift in Sources */ = {isa = PBXBuildFile; fileRef = 8DBA062225FADA4C005E686D /* GFItemInfoView.swift */; };
		8DBA062625FAE4FA005E686D /* GFItemInfoVC.swift in Sources */ = {isa = PBXBuildFile; fileRef = 8DBA062525FAE4FA005E686D /* GFItemInfoVC.swift */; };
		8DBA062925FB127A005E686D /* GFRepoItemVC.swift in Sources */ = {isa = PBXBuildFile; fileRef = 8DBA062825FB127A005E686D /* GFRepoItemVC.swift */; };
		8DBA063025FB1468005E686D /* GFFollowerItemVC.swift in Sources */ = {isa = PBXBuildFile; fileRef = 8DBA062F25FB1468005E686D /* GFFollowerItemVC.swift */; };
		8DC43D6D25F6F3A700B6BB20 /* GFEmptyStateView.swift in Sources */ = {isa = PBXBuildFile; fileRef = 8DC43D6C25F6F3A700B6BB20 /* GFEmptyStateView.swift */; };
		8DCE4FE825FB175D0020CB33 /* Date+Ext.swift in Sources */ = {isa = PBXBuildFile; fileRef = 8DCE4FE725FB175D0020CB33 /* Date+Ext.swift */; };
		8DCE4FEB25FB17780020CB33 /* String+Ext.swift in Sources */ = {isa = PBXBuildFile; fileRef = 8DCE4FEA25FB17780020CB33 /* String+Ext.swift */; };
		8DD85D0C25F1B6690015BA12 /* FollowerListVC.swift in Sources */ = {isa = PBXBuildFile; fileRef = 8DD85D0B25F1B6690015BA12 /* FollowerListVC.swift */; };
		8DD85D0F25F1CC310015BA12 /* GFTitleLabel.swift in Sources */ = {isa = PBXBuildFile; fileRef = 8DD85D0E25F1CC310015BA12 /* GFTitleLabel.swift */; };
		8DD85D1225F1CD890015BA12 /* GFBodyLabel.swift in Sources */ = {isa = PBXBuildFile; fileRef = 8DD85D1125F1CD890015BA12 /* GFBodyLabel.swift */; };
		8DD85D1525F1CE3B0015BA12 /* GFAlertVC.swift in Sources */ = {isa = PBXBuildFile; fileRef = 8DD85D1425F1CE3B0015BA12 /* GFAlertVC.swift */; };
		8DD85D1825F1D4000015BA12 /* UIViewController+Ext.swift in Sources */ = {isa = PBXBuildFile; fileRef = 8DD85D1725F1D4000015BA12 /* UIViewController+Ext.swift */; };
		8DFF74DB25F9908B008544F1 /* UserInfoVC.swift in Sources */ = {isa = PBXBuildFile; fileRef = 8DFF74DA25F9908B008544F1 /* UserInfoVC.swift */; };
		8DFF74DF25F9A086008544F1 /* GFError.swift in Sources */ = {isa = PBXBuildFile; fileRef = 8DFF74DE25F9A086008544F1 /* GFError.swift */; };
		8DFF74E225F9B5B7008544F1 /* GFUserInfoHeaderVC.swift in Sources */ = {isa = PBXBuildFile; fileRef = 8DFF74E125F9B5B7008544F1 /* GFUserInfoHeaderVC.swift */; };
		8DFF74E525F9B61B008544F1 /* GFSecondaryTitleLabel.swift in Sources */ = {isa = PBXBuildFile; fileRef = 8DFF74E425F9B61B008544F1 /* GFSecondaryTitleLabel.swift */; };
		8DFF74E825F9BF77008544F1 /* Constants.swift in Sources */ = {isa = PBXBuildFile; fileRef = 8DFF74E725F9BF77008544F1 /* Constants.swift */; };
/* End PBXBuildFile section */

/* Begin PBXFileReference section */
		8D33BEF625F0570900A012C6 /* GHFollowers.app */ = {isa = PBXFileReference; explicitFileType = wrapper.application; includeInIndex = 0; path = GHFollowers.app; sourceTree = BUILT_PRODUCTS_DIR; };
		8D33BEF925F0570900A012C6 /* AppDelegate.swift */ = {isa = PBXFileReference; lastKnownFileType = sourcecode.swift; path = AppDelegate.swift; sourceTree = "<group>"; };
		8D33BEFB25F0570900A012C6 /* SceneDelegate.swift */ = {isa = PBXFileReference; lastKnownFileType = sourcecode.swift; path = SceneDelegate.swift; sourceTree = "<group>"; };
		8D33BF0225F0570A00A012C6 /* Assets.xcassets */ = {isa = PBXFileReference; lastKnownFileType = folder.assetcatalog; path = Assets.xcassets; sourceTree = "<group>"; };
		8D33BF0525F0570A00A012C6 /* Base */ = {isa = PBXFileReference; lastKnownFileType = file.storyboard; name = Base; path = Base.lproj/LaunchScreen.storyboard; sourceTree = "<group>"; };
		8D33BF0725F0570A00A012C6 /* Info.plist */ = {isa = PBXFileReference; lastKnownFileType = text.plist.xml; path = Info.plist; sourceTree = "<group>"; };
		8D33BF1125F05E3D00A012C6 /* SearchVC.swift */ = {isa = PBXFileReference; lastKnownFileType = sourcecode.swift; path = SearchVC.swift; sourceTree = "<group>"; };
		8D33BF1425F05E6200A012C6 /* FavoritesListVC.swift */ = {isa = PBXFileReference; lastKnownFileType = sourcecode.swift; path = FavoritesListVC.swift; sourceTree = "<group>"; };
		8D33BF1825F0672800A012C6 /* GFButton.swift */ = {isa = PBXFileReference; lastKnownFileType = sourcecode.swift; path = GFButton.swift; sourceTree = "<group>"; };
		8D33BF1B25F06A3500A012C6 /* GFTextField.swift */ = {isa = PBXFileReference; lastKnownFileType = sourcecode.swift; path = GFTextField.swift; sourceTree = "<group>"; };
		8D3E3C6725F4150A0006F35D /* Follower.swift */ = {isa = PBXFileReference; lastKnownFileType = sourcecode.swift; path = Follower.swift; sourceTree = "<group>"; };
		8D3E3C6A25F416170006F35D /* User.swift */ = {isa = PBXFileReference; lastKnownFileType = sourcecode.swift; path = User.swift; sourceTree = "<group>"; };
		8D3E3C7025F420700006F35D /* NetworkManager.swift */ = {isa = PBXFileReference; lastKnownFileType = sourcecode.swift; path = NetworkManager.swift; sourceTree = "<group>"; };
		8D3EDD8425F5ACA100CB95F3 /* UIHelper.swift */ = {isa = PBXFileReference; lastKnownFileType = sourcecode.swift; path = UIHelper.swift; sourceTree = "<group>"; };
		8D53092425F53C7800A8CFAB /* FollowerCell.swift */ = {isa = PBXFileReference; lastKnownFileType = sourcecode.swift; path = FollowerCell.swift; sourceTree = "<group>"; };
		8D53092725F547F200A8CFAB /* GFAvatarImageView.swift */ = {isa = PBXFileReference; lastKnownFileType = sourcecode.swift; path = GFAvatarImageView.swift; sourceTree = "<group>"; };
		8DBA062225FADA4C005E686D /* GFItemInfoView.swift */ = {isa = PBXFileReference; lastKnownFileType = sourcecode.swift; path = GFItemInfoView.swift; sourceTree = "<group>"; };
		8DBA062525FAE4FA005E686D /* GFItemInfoVC.swift */ = {isa = PBXFileReference; lastKnownFileType = sourcecode.swift; path = GFItemInfoVC.swift; sourceTree = "<group>"; };
		8DBA062825FB127A005E686D /* GFRepoItemVC.swift */ = {isa = PBXFileReference; lastKnownFileType = sourcecode.swift; path = GFRepoItemVC.swift; sourceTree = "<group>"; };
		8DBA062F25FB1468005E686D /* GFFollowerItemVC.swift */ = {isa = PBXFileReference; lastKnownFileType = sourcecode.swift; path = GFFollowerItemVC.swift; sourceTree = "<group>"; };
		8DC43D6C25F6F3A700B6BB20 /* GFEmptyStateView.swift */ = {isa = PBXFileReference; lastKnownFileType = sourcecode.swift; path = GFEmptyStateView.swift; sourceTree = "<group>"; };
		8DCE4FE725FB175D0020CB33 /* Date+Ext.swift */ = {isa = PBXFileReference; lastKnownFileType = sourcecode.swift; path = "Date+Ext.swift"; sourceTree = "<group>"; };
		8DCE4FEA25FB17780020CB33 /* String+Ext.swift */ = {isa = PBXFileReference; lastKnownFileType = sourcecode.swift; path = "String+Ext.swift"; sourceTree = "<group>"; };
		8DD85D0B25F1B6690015BA12 /* FollowerListVC.swift */ = {isa = PBXFileReference; lastKnownFileType = sourcecode.swift; path = FollowerListVC.swift; sourceTree = "<group>"; };
		8DD85D0E25F1CC310015BA12 /* GFTitleLabel.swift */ = {isa = PBXFileReference; lastKnownFileType = sourcecode.swift; path = GFTitleLabel.swift; sourceTree = "<group>"; };
		8DD85D1125F1CD890015BA12 /* GFBodyLabel.swift */ = {isa = PBXFileReference; lastKnownFileType = sourcecode.swift; path = GFBodyLabel.swift; sourceTree = "<group>"; };
		8DD85D1425F1CE3B0015BA12 /* GFAlertVC.swift */ = {isa = PBXFileReference; lastKnownFileType = sourcecode.swift; path = GFAlertVC.swift; sourceTree = "<group>"; };
		8DD85D1725F1D4000015BA12 /* UIViewController+Ext.swift */ = {isa = PBXFileReference; lastKnownFileType = sourcecode.swift; path = "UIViewController+Ext.swift"; sourceTree = "<group>"; };
		8DFF74DA25F9908B008544F1 /* UserInfoVC.swift */ = {isa = PBXFileReference; lastKnownFileType = sourcecode.swift; path = UserInfoVC.swift; sourceTree = "<group>"; };
		8DFF74DE25F9A086008544F1 /* GFError.swift */ = {isa = PBXFileReference; lastKnownFileType = sourcecode.swift; path = GFError.swift; sourceTree = "<group>"; };
		8DFF74E125F9B5B7008544F1 /* GFUserInfoHeaderVC.swift */ = {isa = PBXFileReference; lastKnownFileType = sourcecode.swift; path = GFUserInfoHeaderVC.swift; sourceTree = "<group>"; };
		8DFF74E425F9B61B008544F1 /* GFSecondaryTitleLabel.swift */ = {isa = PBXFileReference; lastKnownFileType = sourcecode.swift; path = GFSecondaryTitleLabel.swift; sourceTree = "<group>"; };
		8DFF74E725F9BF77008544F1 /* Constants.swift */ = {isa = PBXFileReference; lastKnownFileType = sourcecode.swift; path = Constants.swift; sourceTree = "<group>"; };
/* End PBXFileReference section */

/* Begin PBXFrameworksBuildPhase section */
		8D33BEF325F0570900A012C6 /* Frameworks */ = {
			isa = PBXFrameworksBuildPhase;
			buildActionMask = 2147483647;
			files = (
			);
			runOnlyForDeploymentPostprocessing = 0;
		};
/* End PBXFrameworksBuildPhase section */

/* Begin PBXGroup section */
		8D33BEED25F0570900A012C6 = {
			isa = PBXGroup;
			children = (
				8D33BEF825F0570900A012C6 /* GHFollowers */,
				8D33BEF725F0570900A012C6 /* Products */,
			);
			sourceTree = "<group>";
		};
		8D33BEF725F0570900A012C6 /* Products */ = {
			isa = PBXGroup;
			children = (
				8D33BEF625F0570900A012C6 /* GHFollowers.app */,
			);
			name = Products;
			sourceTree = "<group>";
		};
		8D33BEF825F0570900A012C6 /* GHFollowers */ = {
			isa = PBXGroup;
			children = (
				8D3E3C7325F490F00006F35D /* Utilities */,
				8D3E3C6F25F420680006F35D /* Managers */,
				8D3E3C6625F414F80006F35D /* Model */,
				8DD85D1D25F1D83C0015BA12 /* Support */,
				8DD85D1C25F1D7DD0015BA12 /* Extensions */,
				8DD85D1B25F1D7BB0015BA12 /* Custom Views */,
				8DD85D1A25F1D76B0015BA12 /* Screens */,
				8D33BF0725F0570A00A012C6 /* Info.plist */,
			);
			path = GHFollowers;
			sourceTree = "<group>";
		};
		8D3E3C6625F414F80006F35D /* Model */ = {
			isa = PBXGroup;
			children = (
				8D3E3C6725F4150A0006F35D /* Follower.swift */,
				8D3E3C6A25F416170006F35D /* User.swift */,
			);
			path = Model;
			sourceTree = "<group>";
		};
		8D3E3C6F25F420680006F35D /* Managers */ = {
			isa = PBXGroup;
			children = (
				8D3E3C7025F420700006F35D /* NetworkManager.swift */,
			);
			path = Managers;
			sourceTree = "<group>";
		};
		8D3E3C7325F490F00006F35D /* Utilities */ = {
			isa = PBXGroup;
			children = (
				8D3EDD8425F5ACA100CB95F3 /* UIHelper.swift */,
				8DFF74DE25F9A086008544F1 /* GFError.swift */,
				8DFF74E725F9BF77008544F1 /* Constants.swift */,
			);
			path = Utilities;
			sourceTree = "<group>";
		};
		8D53092325F53C5600A8CFAB /* Cells */ = {
			isa = PBXGroup;
			children = (
				8D53092425F53C7800A8CFAB /* FollowerCell.swift */,
			);
			path = Cells;
			sourceTree = "<group>";
		};
		8DBA063225FB14AC005E686D /* ItemInfoVCs */ = {
			isa = PBXGroup;
			children = (
				8DBA062525FAE4FA005E686D /* GFItemInfoVC.swift */,
				8DBA062825FB127A005E686D /* GFRepoItemVC.swift */,
				8DBA062F25FB1468005E686D /* GFFollowerItemVC.swift */,
			);
			path = ItemInfoVCs;
			sourceTree = "<group>";
		};
		8DC43D6625F6F34500B6BB20 /* Views */ = {
			isa = PBXGroup;
			children = (
				8DC43D6C25F6F3A700B6BB20 /* GFEmptyStateView.swift */,
				8DBA062225FADA4C005E686D /* GFItemInfoView.swift */,
			);
			path = Views;
			sourceTree = "<group>";
		};
		8DC43D6725F6F34E00B6BB20 /* Buttons */ = {
			isa = PBXGroup;
			children = (
				8D33BF1825F0672800A012C6 /* GFButton.swift */,
			);
			path = Buttons;
			sourceTree = "<group>";
		};
		8DC43D6825F6F35300B6BB20 /* TextFields */ = {
			isa = PBXGroup;
			children = (
				8D33BF1B25F06A3500A012C6 /* GFTextField.swift */,
			);
			path = TextFields;
			sourceTree = "<group>";
		};
		8DC43D6925F6F35800B6BB20 /* ImageViews */ = {
			isa = PBXGroup;
			children = (
				8D53092725F547F200A8CFAB /* GFAvatarImageView.swift */,
			);
			path = ImageViews;
			sourceTree = "<group>";
		};
		8DC43D6A25F6F35D00B6BB20 /* ViewControllers */ = {
			isa = PBXGroup;
			children = (
				8DBA063225FB14AC005E686D /* ItemInfoVCs */,
				8DD85D1425F1CE3B0015BA12 /* GFAlertVC.swift */,
				8DFF74E125F9B5B7008544F1 /* GFUserInfoHeaderVC.swift */,
			);
			path = ViewControllers;
			sourceTree = "<group>";
		};
		8DC43D6B25F6F38400B6BB20 /* Labels */ = {
			isa = PBXGroup;
			children = (
				8DD85D0E25F1CC310015BA12 /* GFTitleLabel.swift */,
				8DD85D1125F1CD890015BA12 /* GFBodyLabel.swift */,
				8DFF74E425F9B61B008544F1 /* GFSecondaryTitleLabel.swift */,
			);
			path = Labels;
			sourceTree = "<group>";
		};
		8DD85D1A25F1D76B0015BA12 /* Screens */ = {
			isa = PBXGroup;
			children = (
				8D33BF1125F05E3D00A012C6 /* SearchVC.swift */,
				8DD85D0B25F1B6690015BA12 /* FollowerListVC.swift */,
				8D33BF1425F05E6200A012C6 /* FavoritesListVC.swift */,
				8DFF74DA25F9908B008544F1 /* UserInfoVC.swift */,
			);
			path = Screens;
			sourceTree = "<group>";
		};
		8DD85D1B25F1D7BB0015BA12 /* Custom Views */ = {
			isa = PBXGroup;
			children = (
				8DC43D6B25F6F38400B6BB20 /* Labels */,
				8DC43D6A25F6F35D00B6BB20 /* ViewControllers */,
				8DC43D6925F6F35800B6BB20 /* ImageViews */,
				8DC43D6825F6F35300B6BB20 /* TextFields */,
				8DC43D6725F6F34E00B6BB20 /* Buttons */,
				8DC43D6625F6F34500B6BB20 /* Views */,
				8D53092325F53C5600A8CFAB /* Cells */,
			);
			path = "Custom Views";
			sourceTree = "<group>";
		};
		8DD85D1C25F1D7DD0015BA12 /* Extensions */ = {
			isa = PBXGroup;
			children = (
				8DD85D1725F1D4000015BA12 /* UIViewController+Ext.swift */,
				8DCE4FE725FB175D0020CB33 /* Date+Ext.swift */,
				8DCE4FEA25FB17780020CB33 /* String+Ext.swift */,
			);
			path = Extensions;
			sourceTree = "<group>";
		};
		8DD85D1D25F1D83C0015BA12 /* Support */ = {
			isa = PBXGroup;
			children = (
				8D33BEF925F0570900A012C6 /* AppDelegate.swift */,
				8D33BEFB25F0570900A012C6 /* SceneDelegate.swift */,
				8D33BF0225F0570A00A012C6 /* Assets.xcassets */,
				8D33BF0425F0570A00A012C6 /* LaunchScreen.storyboard */,
			);
			path = Support;
			sourceTree = "<group>";
		};
/* End PBXGroup section */

/* Begin PBXNativeTarget section */
		8D33BEF525F0570900A012C6 /* GHFollowers */ = {
			isa = PBXNativeTarget;
			buildConfigurationList = 8D33BF0A25F0570A00A012C6 /* Build configuration list for PBXNativeTarget "GHFollowers" */;
			buildPhases = (
				8D33BEF225F0570900A012C6 /* Sources */,
				8D33BEF325F0570900A012C6 /* Frameworks */,
				8D33BEF425F0570900A012C6 /* Resources */,
			);
			buildRules = (
			);
			dependencies = (
			);
			name = GHFollowers;
			productName = GHFollowers;
			productReference = 8D33BEF625F0570900A012C6 /* GHFollowers.app */;
			productType = "com.apple.product-type.application";
		};
/* End PBXNativeTarget section */

/* Begin PBXProject section */
		8D33BEEE25F0570900A012C6 /* Project object */ = {
			isa = PBXProject;
			attributes = {
				LastSwiftUpdateCheck = 1240;
				LastUpgradeCheck = 1240;
				TargetAttributes = {
					8D33BEF525F0570900A012C6 = {
						CreatedOnToolsVersion = 12.4;
					};
				};
			};
			buildConfigurationList = 8D33BEF125F0570900A012C6 /* Build configuration list for PBXProject "GHFollowers" */;
			compatibilityVersion = "Xcode 9.3";
			developmentRegion = en;
			hasScannedForEncodings = 0;
			knownRegions = (
				en,
				Base,
			);
			mainGroup = 8D33BEED25F0570900A012C6;
			productRefGroup = 8D33BEF725F0570900A012C6 /* Products */;
			projectDirPath = "";
			projectRoot = "";
			targets = (
				8D33BEF525F0570900A012C6 /* GHFollowers */,
			);
		};
/* End PBXProject section */

/* Begin PBXResourcesBuildPhase section */
		8D33BEF425F0570900A012C6 /* Resources */ = {
			isa = PBXResourcesBuildPhase;
			buildActionMask = 2147483647;
			files = (
				8D33BF0625F0570A00A012C6 /* LaunchScreen.storyboard in Resources */,
				8D33BF0325F0570A00A012C6 /* Assets.xcassets in Resources */,
			);
			runOnlyForDeploymentPostprocessing = 0;
		};
/* End PBXResourcesBuildPhase section */

/* Begin PBXSourcesBuildPhase section */
		8D33BEF225F0570900A012C6 /* Sources */ = {
			isa = PBXSourcesBuildPhase;
			buildActionMask = 2147483647;
			files = (
				8D3E3C6B25F416170006F35D /* User.swift in Sources */,
				8D33BF1C25F06A3500A012C6 /* GFTextField.swift in Sources */,
				8D33BF1525F05E6200A012C6 /* FavoritesListVC.swift in Sources */,
				8DCE4FEB25FB17780020CB33 /* String+Ext.swift in Sources */,
				8D33BF1925F0672800A012C6 /* GFButton.swift in Sources */,
				8DD85D1825F1D4000015BA12 /* UIViewController+Ext.swift in Sources */,
				8D3EDD8525F5ACA100CB95F3 /* UIHelper.swift in Sources */,
				8DBA062625FAE4FA005E686D /* GFItemInfoVC.swift in Sources */,
				8DFF74E825F9BF77008544F1 /* Constants.swift in Sources */,
				8D53092825F547F200A8CFAB /* GFAvatarImageView.swift in Sources */,
				8D33BF1225F05E3D00A012C6 /* SearchVC.swift in Sources */,
				8DD85D1525F1CE3B0015BA12 /* GFAlertVC.swift in Sources */,
				8DBA063025FB1468005E686D /* GFFollowerItemVC.swift in Sources */,
				8DBA062325FADA4C005E686D /* GFItemInfoView.swift in Sources */,
				8D53092525F53C7800A8CFAB /* FollowerCell.swift in Sources */,
				8DD85D1225F1CD890015BA12 /* GFBodyLabel.swift in Sources */,
				8DFF74E225F9B5B7008544F1 /* GFUserInfoHeaderVC.swift in Sources */,
				8DFF74DF25F9A086008544F1 /* GFError.swift in Sources */,
				8D3E3C6825F4150A0006F35D /* Follower.swift in Sources */,
				8DD85D0F25F1CC310015BA12 /* GFTitleLabel.swift in Sources */,
				8DCE4FE825FB175D0020CB33 /* Date+Ext.swift in Sources */,
				8DFF74E525F9B61B008544F1 /* GFSecondaryTitleLabel.swift in Sources */,
				8DC43D6D25F6F3A700B6BB20 /* GFEmptyStateView.swift in Sources */,
				8D3E3C7125F420700006F35D /* NetworkManager.swift in Sources */,
				8DD85D0C25F1B6690015BA12 /* FollowerListVC.swift in Sources */,
				8D33BEFA25F0570900A012C6 /* AppDelegate.swift in Sources */,
				8D33BEFC25F0570900A012C6 /* SceneDelegate.swift in Sources */,
				8DBA062925FB127A005E686D /* GFRepoItemVC.swift in Sources */,
				8DFF74DB25F9908B008544F1 /* UserInfoVC.swift in Sources */,
			);
			runOnlyForDeploymentPostprocessing = 0;
		};
/* End PBXSourcesBuildPhase section */

/* Begin PBXVariantGroup section */
		8D33BF0425F0570A00A012C6 /* LaunchScreen.storyboard */ = {
			isa = PBXVariantGroup;
			children = (
				8D33BF0525F0570A00A012C6 /* Base */,
			);
			name = LaunchScreen.storyboard;
			sourceTree = "<group>";
		};
/* End PBXVariantGroup section */

/* Begin XCBuildConfiguration section */
		8D33BF0825F0570A00A012C6 /* Debug */ = {
			isa = XCBuildConfiguration;
			buildSettings = {
				ALWAYS_SEARCH_USER_PATHS = NO;
				CLANG_ANALYZER_NONNULL = YES;
				CLANG_ANALYZER_NUMBER_OBJECT_CONVERSION = YES_AGGRESSIVE;
				CLANG_CXX_LANGUAGE_STANDARD = "gnu++14";
				CLANG_CXX_LIBRARY = "libc++";
				CLANG_ENABLE_MODULES = YES;
				CLANG_ENABLE_OBJC_ARC = YES;
				CLANG_ENABLE_OBJC_WEAK = YES;
				CLANG_WARN_BLOCK_CAPTURE_AUTORELEASING = YES;
				CLANG_WARN_BOOL_CONVERSION = YES;
				CLANG_WARN_COMMA = YES;
				CLANG_WARN_CONSTANT_CONVERSION = YES;
				CLANG_WARN_DEPRECATED_OBJC_IMPLEMENTATIONS = YES;
				CLANG_WARN_DIRECT_OBJC_ISA_USAGE = YES_ERROR;
				CLANG_WARN_DOCUMENTATION_COMMENTS = YES;
				CLANG_WARN_EMPTY_BODY = YES;
				CLANG_WARN_ENUM_CONVERSION = YES;
				CLANG_WARN_INFINITE_RECURSION = YES;
				CLANG_WARN_INT_CONVERSION = YES;
				CLANG_WARN_NON_LITERAL_NULL_CONVERSION = YES;
				CLANG_WARN_OBJC_IMPLICIT_RETAIN_SELF = YES;
				CLANG_WARN_OBJC_LITERAL_CONVERSION = YES;
				CLANG_WARN_OBJC_ROOT_CLASS = YES_ERROR;
				CLANG_WARN_QUOTED_INCLUDE_IN_FRAMEWORK_HEADER = YES;
				CLANG_WARN_RANGE_LOOP_ANALYSIS = YES;
				CLANG_WARN_STRICT_PROTOTYPES = YES;
				CLANG_WARN_SUSPICIOUS_MOVE = YES;
				CLANG_WARN_UNGUARDED_AVAILABILITY = YES_AGGRESSIVE;
				CLANG_WARN_UNREACHABLE_CODE = YES;
				CLANG_WARN__DUPLICATE_METHOD_MATCH = YES;
				COPY_PHASE_STRIP = NO;
				DEBUG_INFORMATION_FORMAT = dwarf;
				ENABLE_STRICT_OBJC_MSGSEND = YES;
				ENABLE_TESTABILITY = YES;
				GCC_C_LANGUAGE_STANDARD = gnu11;
				GCC_DYNAMIC_NO_PIC = NO;
				GCC_NO_COMMON_BLOCKS = YES;
				GCC_OPTIMIZATION_LEVEL = 0;
				GCC_PREPROCESSOR_DEFINITIONS = (
					"DEBUG=1",
					"$(inherited)",
				);
				GCC_WARN_64_TO_32_BIT_CONVERSION = YES;
				GCC_WARN_ABOUT_RETURN_TYPE = YES_ERROR;
				GCC_WARN_UNDECLARED_SELECTOR = YES;
				GCC_WARN_UNINITIALIZED_AUTOS = YES_AGGRESSIVE;
				GCC_WARN_UNUSED_FUNCTION = YES;
				GCC_WARN_UNUSED_VARIABLE = YES;
				IPHONEOS_DEPLOYMENT_TARGET = 14.4;
				MTL_ENABLE_DEBUG_INFO = INCLUDE_SOURCE;
				MTL_FAST_MATH = YES;
				ONLY_ACTIVE_ARCH = YES;
				SDKROOT = iphoneos;
				SWIFT_ACTIVE_COMPILATION_CONDITIONS = DEBUG;
				SWIFT_OPTIMIZATION_LEVEL = "-Onone";
			};
			name = Debug;
		};
		8D33BF0925F0570A00A012C6 /* Release */ = {
			isa = XCBuildConfiguration;
			buildSettings = {
				ALWAYS_SEARCH_USER_PATHS = NO;
				CLANG_ANALYZER_NONNULL = YES;
				CLANG_ANALYZER_NUMBER_OBJECT_CONVERSION = YES_AGGRESSIVE;
				CLANG_CXX_LANGUAGE_STANDARD = "gnu++14";
				CLANG_CXX_LIBRARY = "libc++";
				CLANG_ENABLE_MODULES = YES;
				CLANG_ENABLE_OBJC_ARC = YES;
				CLANG_ENABLE_OBJC_WEAK = YES;
				CLANG_WARN_BLOCK_CAPTURE_AUTORELEASING = YES;
				CLANG_WARN_BOOL_CONVERSION = YES;
				CLANG_WARN_COMMA = YES;
				CLANG_WARN_CONSTANT_CONVERSION = YES;
				CLANG_WARN_DEPRECATED_OBJC_IMPLEMENTATIONS = YES;
				CLANG_WARN_DIRECT_OBJC_ISA_USAGE = YES_ERROR;
				CLANG_WARN_DOCUMENTATION_COMMENTS = YES;
				CLANG_WARN_EMPTY_BODY = YES;
				CLANG_WARN_ENUM_CONVERSION = YES;
				CLANG_WARN_INFINITE_RECURSION = YES;
				CLANG_WARN_INT_CONVERSION = YES;
				CLANG_WARN_NON_LITERAL_NULL_CONVERSION = YES;
				CLANG_WARN_OBJC_IMPLICIT_RETAIN_SELF = YES;
				CLANG_WARN_OBJC_LITERAL_CONVERSION = YES;
				CLANG_WARN_OBJC_ROOT_CLASS = YES_ERROR;
				CLANG_WARN_QUOTED_INCLUDE_IN_FRAMEWORK_HEADER = YES;
				CLANG_WARN_RANGE_LOOP_ANALYSIS = YES;
				CLANG_WARN_STRICT_PROTOTYPES = YES;
				CLANG_WARN_SUSPICIOUS_MOVE = YES;
				CLANG_WARN_UNGUARDED_AVAILABILITY = YES_AGGRESSIVE;
				CLANG_WARN_UNREACHABLE_CODE = YES;
				CLANG_WARN__DUPLICATE_METHOD_MATCH = YES;
				COPY_PHASE_STRIP = NO;
				DEBUG_INFORMATION_FORMAT = "dwarf-with-dsym";
				ENABLE_NS_ASSERTIONS = NO;
				ENABLE_STRICT_OBJC_MSGSEND = YES;
				GCC_C_LANGUAGE_STANDARD = gnu11;
				GCC_NO_COMMON_BLOCKS = YES;
				GCC_WARN_64_TO_32_BIT_CONVERSION = YES;
				GCC_WARN_ABOUT_RETURN_TYPE = YES_ERROR;
				GCC_WARN_UNDECLARED_SELECTOR = YES;
				GCC_WARN_UNINITIALIZED_AUTOS = YES_AGGRESSIVE;
				GCC_WARN_UNUSED_FUNCTION = YES;
				GCC_WARN_UNUSED_VARIABLE = YES;
				IPHONEOS_DEPLOYMENT_TARGET = 14.4;
				MTL_ENABLE_DEBUG_INFO = NO;
				MTL_FAST_MATH = YES;
				SDKROOT = iphoneos;
				SWIFT_COMPILATION_MODE = wholemodule;
				SWIFT_OPTIMIZATION_LEVEL = "-O";
				VALIDATE_PRODUCT = YES;
			};
			name = Release;
		};
		8D33BF0B25F0570A00A012C6 /* Debug */ = {
			isa = XCBuildConfiguration;
			buildSettings = {
				ASSETCATALOG_COMPILER_APPICON_NAME = AppIcon;
				ASSETCATALOG_COMPILER_GLOBAL_ACCENT_COLOR_NAME = AccentColor;
				CODE_SIGN_STYLE = Automatic;
				DEVELOPMENT_TEAM = G4VPD9F33C;
				INFOPLIST_FILE = GHFollowers/Info.plist;
				LD_RUNPATH_SEARCH_PATHS = (
					"$(inherited)",
					"@executable_path/Frameworks",
				);
				PRODUCT_BUNDLE_IDENTIFIER = me.bukovitz.GHFollowers;
				PRODUCT_NAME = "$(TARGET_NAME)";
				SWIFT_VERSION = 5.0;
				TARGETED_DEVICE_FAMILY = 1;
			};
			name = Debug;
		};
		8D33BF0C25F0570A00A012C6 /* Release */ = {
			isa = XCBuildConfiguration;
			buildSettings = {
				ASSETCATALOG_COMPILER_APPICON_NAME = AppIcon;
				ASSETCATALOG_COMPILER_GLOBAL_ACCENT_COLOR_NAME = AccentColor;
				CODE_SIGN_STYLE = Automatic;
				DEVELOPMENT_TEAM = G4VPD9F33C;
				INFOPLIST_FILE = GHFollowers/Info.plist;
				LD_RUNPATH_SEARCH_PATHS = (
					"$(inherited)",
					"@executable_path/Frameworks",
				);
				PRODUCT_BUNDLE_IDENTIFIER = me.bukovitz.GHFollowers;
				PRODUCT_NAME = "$(TARGET_NAME)";
				SWIFT_VERSION = 5.0;
				TARGETED_DEVICE_FAMILY = 1;
			};
			name = Release;
		};
/* End XCBuildConfiguration section */

/* Begin XCConfigurationList section */
		8D33BEF125F0570900A012C6 /* Build configuration list for PBXProject "GHFollowers" */ = {
			isa = XCConfigurationList;
			buildConfigurations = (
				8D33BF0825F0570A00A012C6 /* Debug */,
				8D33BF0925F0570A00A012C6 /* Release */,
			);
			defaultConfigurationIsVisible = 0;
			defaultConfigurationName = Release;
		};
		8D33BF0A25F0570A00A012C6 /* Build configuration list for PBXNativeTarget "GHFollowers" */ = {
			isa = XCConfigurationList;
			buildConfigurations = (
				8D33BF0B25F0570A00A012C6 /* Debug */,
				8D33BF0C25F0570A00A012C6 /* Release */,
			);
			defaultConfigurationIsVisible = 0;
			defaultConfigurationName = Release;
		};
/* End XCConfigurationList section */
	};
	rootObject = 8D33BEEE25F0570900A012C6 /* Project object */;
}
